
Microsoft Visual Studio Solution File, Format Version 12.00
Project("{FAE04EC0-301F-11D3-BF4B-00C04F79EFBC}") = "RefitClientPoc", "RefitClientPoc\RefitClientPoc.csproj", "{B4EA6EED-4208-4B29-889E-A390A392307C}"
EndProject
Project("{FAE04EC0-301F-11D3-BF4B-00C04F79EFBC}") = "RefitPlayground", "RefitPlayground\RefitPlayground.csproj", "{97E9A0B1-5002-41F7-B549-38C7ABBC51CE}"
EndProject
Global
	GlobalSection(SolutionConfigurationPlatforms) = preSolution
		Debug|Any CPU = Debug|Any CPU
		Release|Any CPU = Release|Any CPU
	EndGlobalSection
	GlobalSection(ProjectConfigurationPlatforms) = postSolution
		{B4EA6EED-4208-4B29-889E-A390A392307C}.Debug|Any CPU.ActiveCfg = Debug|Any CPU
		{B4EA6EED-4208-4B29-889E-A390A392307C}.Debug|Any CPU.Build.0 = Debug|Any CPU
		{B4EA6EED-4208-4B29-889E-A390A392307C}.Release|Any CPU.ActiveCfg = Release|Any CPU
		{B4EA6EED-4208-4B29-889E-A390A392307C}.Release|Any CPU.Build.0 = Release|Any CPU
		{97E9A0B1-5002-41F7-B549-38C7ABBC51CE}.Debug|Any CPU.ActiveCfg = Debug|Any CPU
		{97E9A0B1-5002-41F7-B549-38C7ABBC51CE}.Debug|Any CPU.Build.0 = Debug|Any CPU
		{97E9A0B1-5002-41F7-B549-38C7ABBC51CE}.Release|Any CPU.ActiveCfg = Release|Any CPU
		{97E9A0B1-5002-41F7-B549-38C7ABBC51CE}.Release|Any CPU.Build.0 = Release|Any CPU
	EndGlobalSection
EndGlobal
